{
  "name": "alex",
  "version": "0.1.0",
  "lockfileVersion": 2,
  "requires": true,
  "packages": {
    "": {
      "name": "alex",
      "version": "0.1.0",
      "license": "MIT",
      "dependencies": {
        "discord.js": "^13.2.0",
        "dotenv": "^10.0.0",
        "intl-messageformat": "^9.9.2",
        "mongodb": "^4.1.2",
        "ms": "^2.1.3"
      },
      "devDependencies": {
        "@types/ms": "^0.7.31",
        "ts-node": "^10.2.1",
        "typescript": "^4.4.3"
      }
    },
    "node_modules/@cspotcode/source-map-consumer": {
      "version": "0.8.0",
      "resolved": "https://registry.npmjs.org/@cspotcode/source-map-consumer/-/source-map-consumer-0.8.0.tgz",
      "integrity": "sha512-41qniHzTU8yAGbCp04ohlmSrZf8bkf/iJsl3V0dRGsQN/5GFfx+LbCSsCpp2gqrqjTVg/K6O8ycoV35JIwAzAg==",
      "dev": true,
      "engines": {
        "node": ">= 12"
      }
    },
    "node_modules/@cspotcode/source-map-support": {
      "version": "0.6.1",
      "resolved": "https://registry.npmjs.org/@cspotcode/source-map-support/-/source-map-support-0.6.1.tgz",
      "integrity": "sha512-DX3Z+T5dt1ockmPdobJS/FAsQPW4V4SrWEhD2iYQT2Cb2tQsiMnYxrcUH9By/Z3B+v0S5LMBkQtV/XOBbpLEOg==",
      "dev": true,
      "dependencies": {
        "@cspotcode/source-map-consumer": "0.8.0"
      },
      "engines": {
        "node": ">=12"
      }
    },
    "node_modules/@discordjs/builders": {
      "version": "0.6.0",
      "resolved": "https://registry.npmjs.org/@discordjs/builders/-/builders-0.6.0.tgz",
      "integrity": "sha512-mH3Gx61LKk2CD05laCI9K5wp+a3NyASHDUGx83DGJFkqJlRlSV5WMJNY6RS37A5SjqDtGMF4wVR9jzFaqShe6Q==",
      "dependencies": {
        "@sindresorhus/is": "^4.0.1",
        "discord-api-types": "^0.22.0",
        "ow": "^0.27.0",
        "ts-mixer": "^6.0.0",
        "tslib": "^2.3.1"
      },
      "engines": {
        "node": ">=14.0.0",
        "npm": ">=7.0.0"
      }
    },
    "node_modules/@discordjs/builders/node_modules/discord-api-types": {
      "version": "0.22.0",
      "resolved": "https://registry.npmjs.org/discord-api-types/-/discord-api-types-0.22.0.tgz",
      "integrity": "sha512-l8yD/2zRbZItUQpy7ZxBJwaLX/Bs2TGaCthRppk8Sw24LOIWg12t9JEreezPoYD0SQcC2htNNo27kYEpYW/Srg==",
      "engines": {
        "node": ">=12"
      }
    },
    "node_modules/@discordjs/collection": {
      "version": "0.2.1",
      "resolved": "https://registry.npmjs.org/@discordjs/collection/-/collection-0.2.1.tgz",
      "integrity": "sha512-vhxqzzM8gkomw0TYRF3tgx7SwElzUlXT/Aa41O7mOcyN6wIJfj5JmDWaO5XGKsGSsNx7F3i5oIlrucCCWV1Nog==",
      "engines": {
        "node": ">=14.0.0"
      }
    },
    "node_modules/@discordjs/form-data": {
      "version": "3.0.1",
      "resolved": "https://registry.npmjs.org/@discordjs/form-data/-/form-data-3.0.1.tgz",
      "integrity": "sha512-ZfFsbgEXW71Rw/6EtBdrP5VxBJy4dthyC0tpQKGKmYFImlmmrykO14Za+BiIVduwjte0jXEBlhSKf0MWbFp9Eg==",
      "dependencies": {
        "asynckit": "^0.4.0",
        "combined-stream": "^1.0.8",
        "mime-types": "^2.1.12"
      },
      "engines": {
        "node": ">= 6"
      }
    },
    "node_modules/@formatjs/ecma402-abstract": {
      "version": "1.9.9",
      "resolved": "https://registry.npmjs.org/@formatjs/ecma402-abstract/-/ecma402-abstract-1.9.9.tgz",
      "integrity": "sha512-w2HpUW17Ev8UN8G1fSvl0skCLP+HkhGZii0ALaBXYc7rd3osD2s8EF2ihSNkeEeC6aySX1IAkRm0f4lnE8Jeaw==",
      "dependencies": {
        "@formatjs/intl-localematcher": "0.2.21",
        "tslib": "^2.1.0"
      }
    },
    "node_modules/@formatjs/fast-memoize": {
      "version": "1.2.0",
      "resolved": "https://registry.npmjs.org/@formatjs/fast-memoize/-/fast-memoize-1.2.0.tgz",
      "integrity": "sha512-fObitP9Tlc31SKrPHgkPgQpGo4+4yXfQQITTCNH8AZdEqB7Mq4nPrjpUL/tNGN3lEeJcFxDbi0haX8HM7QvQ8w==",
      "dependencies": {
        "tslib": "^2.1.0"
      }
    },
    "node_modules/@formatjs/icu-messageformat-parser": {
      "version": "2.0.12",
      "resolved": "https://registry.npmjs.org/@formatjs/icu-messageformat-parser/-/icu-messageformat-parser-2.0.12.tgz",
      "integrity": "sha512-X/tdbKLfVBc2yJRX+xC3uqYxXkp9336FhSS1Hb6kU6pSOU+EseylS3a/vjFOKjol1qQ5BSIQd8YPWtOOt3KcWA==",
      "dependencies": {
        "@formatjs/ecma402-abstract": "1.9.9",
        "@formatjs/icu-skeleton-parser": "1.2.13",
        "tslib": "^2.1.0"
      }
    },
    "node_modules/@formatjs/icu-skeleton-parser": {
      "version": "1.2.13",
      "resolved": "https://registry.npmjs.org/@formatjs/icu-skeleton-parser/-/icu-skeleton-parser-1.2.13.tgz",
      "integrity": "sha512-PHK4kdIcNTI15ASyn6dCA2cxzUPHE+UK/FsBkPULNpKgPWEZIYAFO9PgG0a9SDcIIr7Ta3SPPbUZGKRXT3d+ng==",
      "dependencies": {
        "@formatjs/ecma402-abstract": "1.9.9",
        "tslib": "^2.1.0"
      }
    },
    "node_modules/@formatjs/intl-localematcher": {
      "version": "0.2.21",
      "resolved": "https://registry.npmjs.org/@formatjs/intl-localematcher/-/intl-localematcher-0.2.21.tgz",
      "integrity": "sha512-JTJeLiNwexN4Gy0cMxoUPvJbKhXdnSuo5jPrDafEZpnDWlJ5VDYta8zUVVozO/pwzEmFVHEUpgiEDj+39L4oMg==",
      "dependencies": {
        "tslib": "^2.1.0"
      }
    },
    "node_modules/@sapphire/async-queue": {
      "version": "1.1.5",
      "resolved": "https://registry.npmjs.org/@sapphire/async-queue/-/async-queue-1.1.5.tgz",
      "integrity": "sha512-NQ8GeTBeOkeAylVYTnO9zfEZO74iMNGCRrR3uIRnCrhkyPC+nsewyQtTamjSDWxXFTf+xGSJ9khiY2p56k/bMA==",
      "engines": {
        "node": ">=v14.18.0",
        "npm": ">=7.24.1"
      }
    },
    "node_modules/@sindresorhus/is": {
      "version": "4.2.0",
      "resolved": "https://registry.npmjs.org/@sindresorhus/is/-/is-4.2.0.tgz",
      "integrity": "sha512-VkE3KLBmJwcCaVARtQpfuKcKv8gcBmUubrfHGF84dXuuW6jgsRYxPtzcIhPyK9WAPpRt2/xY6zkD9MnRaJzSyw==",
      "engines": {
        "node": ">=10"
      },
      "funding": {
        "url": "https://github.com/sindresorhus/is?sponsor=1"
      }
    },
    "node_modules/@tsconfig/node10": {
      "version": "1.0.8",
      "resolved": "https://registry.npmjs.org/@tsconfig/node10/-/node10-1.0.8.tgz",
      "integrity": "sha512-6XFfSQmMgq0CFLY1MslA/CPUfhIL919M1rMsa5lP2P097N2Wd1sSX0tx1u4olM16fLNhtHZpRhedZJphNJqmZg==",
      "dev": true
    },
    "node_modules/@tsconfig/node12": {
      "version": "1.0.9",
      "resolved": "https://registry.npmjs.org/@tsconfig/node12/-/node12-1.0.9.tgz",
      "integrity": "sha512-/yBMcem+fbvhSREH+s14YJi18sp7J9jpuhYByADT2rypfajMZZN4WQ6zBGgBKp53NKmqI36wFYDb3yaMPurITw==",
      "dev": true
    },
    "node_modules/@tsconfig/node14": {
      "version": "1.0.1",
      "resolved": "https://registry.npmjs.org/@tsconfig/node14/-/node14-1.0.1.tgz",
      "integrity": "sha512-509r2+yARFfHHE7T6Puu2jjkoycftovhXRqW328PDXTVGKihlb1P8Z9mMZH04ebyajfRY7dedfGynlrFHJUQCg==",
      "dev": true
    },
    "node_modules/@tsconfig/node16": {
      "version": "1.0.2",
      "resolved": "https://registry.npmjs.org/@tsconfig/node16/-/node16-1.0.2.tgz",
      "integrity": "sha512-eZxlbI8GZscaGS7kkc/trHTT5xgrjH3/1n2JDwusC9iahPKWMRvRjJSAN5mCXviuTGQ/lHnhvv8Q1YTpnfz9gA==",
      "dev": true
    },
    "node_modules/@types/ms": {
      "version": "0.7.31",
      "resolved": "https://registry.npmjs.org/@types/ms/-/ms-0.7.31.tgz",
      "integrity": "sha512-iiUgKzV9AuaEkZqkOLDIvlQiL6ltuZd9tGcW3gwpnX8JbuiuhFlEGmmFXEXkN50Cvq7Os88IY2v0dkDqXYWVgA==",
      "dev": true
    },
    "node_modules/@types/node": {
      "version": "16.10.3",
      "resolved": "https://registry.npmjs.org/@types/node/-/node-16.10.3.tgz",
      "integrity": "sha512-ho3Ruq+fFnBrZhUYI46n/bV2GjwzSkwuT4dTf0GkuNFmnb8nq4ny2z9JEVemFi6bdEJanHLlYfy9c6FN9B9McQ=="
    },
    "node_modules/@types/webidl-conversions": {
      "version": "6.1.1",
      "resolved": "https://registry.npmjs.org/@types/webidl-conversions/-/webidl-conversions-6.1.1.tgz",
      "integrity": "sha512-XAahCdThVuCFDQLT7R7Pk/vqeObFNL3YqRyFZg+AqAP/W1/w3xHaIxuW7WszQqTbIBOPRcItYJIou3i/mppu3Q=="
    },
    "node_modules/@types/whatwg-url": {
      "version": "8.2.1",
      "resolved": "https://registry.npmjs.org/@types/whatwg-url/-/whatwg-url-8.2.1.tgz",
      "integrity": "sha512-2YubE1sjj5ifxievI5Ge1sckb9k/Er66HyR2c+3+I6VDUUg1TLPdYYTEbQ+DjRkS4nTxMJhgWfSfMRD2sl2EYQ==",
      "dependencies": {
        "@types/node": "*",
        "@types/webidl-conversions": "*"
      }
    },
    "node_modules/@types/ws": {
      "version": "8.2.0",
      "resolved": "https://registry.npmjs.org/@types/ws/-/ws-8.2.0.tgz",
      "integrity": "sha512-cyeefcUCgJlEk+hk2h3N+MqKKsPViQgF5boi9TTHSK+PoR9KWBb/C5ccPcDyAqgsbAYHTwulch725DV84+pSpg==",
      "dependencies": {
        "@types/node": "*"
      }
    },
    "node_modules/acorn": {
      "version": "8.5.0",
      "resolved": "https://registry.npmjs.org/acorn/-/acorn-8.5.0.tgz",
      "integrity": "sha512-yXbYeFy+jUuYd3/CDcg2NkIYE991XYX/bje7LmjJigUciaeO1JR4XxXgCIV1/Zc/dRuFEyw1L0pbA+qynJkW5Q==",
      "dev": true,
      "bin": {
        "acorn": "bin/acorn"
      },
      "engines": {
        "node": ">=0.4.0"
      }
    },
    "node_modules/acorn-walk": {
      "version": "8.2.0",
      "resolved": "https://registry.npmjs.org/acorn-walk/-/acorn-walk-8.2.0.tgz",
      "integrity": "sha512-k+iyHEuPgSw6SbuDpGQM+06HQUa04DZ3o+F6CSzXMvvI5KMvnaEqXe+YVe555R9nn6GPt404fos4wcgpw12SDA==",
      "dev": true,
      "engines": {
        "node": ">=0.4.0"
      }
    },
    "node_modules/arg": {
      "version": "4.1.3",
      "resolved": "https://registry.npmjs.org/arg/-/arg-4.1.3.tgz",
      "integrity": "sha512-58S9QDqG0Xx27YwPSt9fJxivjYl432YCwfDMfZ+71RAqUrZef7LrKQZ3LHLOwCS4FLNBplP533Zx895SeOCHvA==",
      "dev": true
    },
    "node_modules/asynckit": {
      "version": "0.4.0",
      "resolved": "https://registry.npmjs.org/asynckit/-/asynckit-0.4.0.tgz",
      "integrity": "sha1-x57Zf380y48robyXkLzDZkdLS3k="
    },
    "node_modules/base64-js": {
      "version": "1.5.1",
      "resolved": "https://registry.npmjs.org/base64-js/-/base64-js-1.5.1.tgz",
      "integrity": "sha512-AKpaYlHn8t4SVbOHCy+b5+KKgvR4vrsD8vbvrbiQJps7fKDTkjkDry6ji0rUJjC0kzbNePLwzxq8iypo41qeWA==",
      "funding": [
        {
          "type": "github",
          "url": "https://github.com/sponsors/feross"
        },
        {
          "type": "patreon",
          "url": "https://www.patreon.com/feross"
        },
        {
          "type": "consulting",
          "url": "https://feross.org/support"
        }
      ]
    },
    "node_modules/bson": {
      "version": "4.5.3",
      "resolved": "https://registry.npmjs.org/bson/-/bson-4.5.3.tgz",
      "integrity": "sha512-qVX7LX79Mtj7B3NPLzCfBiCP6RAsjiV8N63DjlaVVpZW+PFoDTxQ4SeDbSpcqgE6mXksM5CAwZnXxxxn/XwC0g==",
      "dependencies": {
        "buffer": "^5.6.0"
      },
      "engines": {
        "node": ">=6.9.0"
      }
    },
    "node_modules/buffer": {
      "version": "5.7.1",
      "resolved": "https://registry.npmjs.org/buffer/-/buffer-5.7.1.tgz",
      "integrity": "sha512-EHcyIPBQ4BSGlvjB16k5KgAJ27CIsHY/2JBmCRReo48y9rQ3MaUzWX3KVlBa4U7MyX02HdVj0K7C3WaB3ju7FQ==",
      "funding": [
        {
          "type": "github",
          "url": "https://github.com/sponsors/feross"
        },
        {
          "type": "patreon",
          "url": "https://www.patreon.com/feross"
        },
        {
          "type": "consulting",
          "url": "https://feross.org/support"
        }
      ],
      "dependencies": {
        "base64-js": "^1.3.1",
        "ieee754": "^1.1.13"
      }
    },
    "node_modules/callsites": {
      "version": "3.1.0",
      "resolved": "https://registry.npmjs.org/callsites/-/callsites-3.1.0.tgz",
      "integrity": "sha512-P8BjAsXvZS+VIDUI11hHCQEv74YT67YUi5JJFNWIqL235sBmjX4+qx9Muvls5ivyNENctx46xQLQ3aTuE7ssaQ==",
      "engines": {
        "node": ">=6"
      }
    },
    "node_modules/combined-stream": {
      "version": "1.0.8",
      "resolved": "https://registry.npmjs.org/combined-stream/-/combined-stream-1.0.8.tgz",
      "integrity": "sha512-FQN4MRfuJeHf7cBbBMJFXhKSDq+2kAArBlmRBvcvFE5BB1HZKXtSFASDhdlz9zOYwxh8lDdnvmMOe/+5cdoEdg==",
      "dependencies": {
        "delayed-stream": "~1.0.0"
      },
      "engines": {
        "node": ">= 0.8"
      }
    },
    "node_modules/create-require": {
      "version": "1.1.1",
      "resolved": "https://registry.npmjs.org/create-require/-/create-require-1.1.1.tgz",
      "integrity": "sha512-dcKFX3jn0MpIaXjisoRvexIJVEKzaq7z2rZKxf+MSr9TkdmHmsU4m2lcLojrj/FHl8mk5VxMmYA+ftRkP/3oKQ==",
      "dev": true
    },
    "node_modules/delayed-stream": {
      "version": "1.0.0",
      "resolved": "https://registry.npmjs.org/delayed-stream/-/delayed-stream-1.0.0.tgz",
      "integrity": "sha1-3zrhmayt+31ECqrgsp4icrJOxhk=",
      "engines": {
        "node": ">=0.4.0"
      }
    },
    "node_modules/denque": {
      "version": "2.0.1",
      "resolved": "https://registry.npmjs.org/denque/-/denque-2.0.1.tgz",
      "integrity": "sha512-tfiWc6BQLXNLpNiR5iGd0Ocu3P3VpxfzFiqubLgMfhfOw9WyvgJBd46CClNn9k3qfbjvT//0cf7AlYRX/OslMQ==",
      "engines": {
        "node": ">=0.10"
      }
    },
    "node_modules/diff": {
      "version": "4.0.2",
      "resolved": "https://registry.npmjs.org/diff/-/diff-4.0.2.tgz",
      "integrity": "sha512-58lmxKSA4BNyLz+HHMUzlOEpg09FV+ev6ZMe3vJihgdxzgcwZ8VoEEPmALCZG9LmqfVoNMMKpttIYTVG6uDY7A==",
      "dev": true,
      "engines": {
        "node": ">=0.3.1"
      }
    },
    "node_modules/discord-api-types": {
      "version": "0.23.1",
      "resolved": "https://registry.npmjs.org/discord-api-types/-/discord-api-types-0.23.1.tgz",
      "integrity": "sha512-igWmn+45mzXRWNEPU25I/pr8MwxHb767wAr51oy3VRLRcTlp5ADBbrBR0lq3SA1Rfw3MtM4TQu1xo3kxscfVdQ==",
      "engines": {
        "node": ">=12"
      }
    },
    "node_modules/discord.js": {
      "version": "13.2.0",
      "resolved": "https://registry.npmjs.org/discord.js/-/discord.js-13.2.0.tgz",
      "integrity": "sha512-nyxUvL8wuQG38zx13wUMkpcA8koFszyiXdkSLwwM9opKW2LC2H5gD0cTZxImeJ6GtEnKPWT8xBiE8lLBmbNIhw==",
      "dependencies": {
        "@discordjs/builders": "^0.6.0",
        "@discordjs/collection": "^0.2.1",
        "@discordjs/form-data": "^3.0.1",
        "@sapphire/async-queue": "^1.1.5",
        "@types/ws": "^8.2.0",
        "discord-api-types": "^0.23.1",
        "node-fetch": "^2.6.1",
        "ws": "^8.2.3"
      },
      "engines": {
        "node": ">=16.6.0",
        "npm": ">=7.0.0"
      }
    },
    "node_modules/dot-prop": {
      "version": "6.0.1",
      "resolved": "https://registry.npmjs.org/dot-prop/-/dot-prop-6.0.1.tgz",
      "integrity": "sha512-tE7ztYzXHIeyvc7N+hR3oi7FIbf/NIjVP9hmAt3yMXzrQ072/fpjGLx2GxNxGxUl5V73MEqYzioOMoVhGMJ5cA==",
      "dependencies": {
        "is-obj": "^2.0.0"
      },
      "engines": {
        "node": ">=10"
      },
      "funding": {
        "url": "https://github.com/sponsors/sindresorhus"
      }
    },
    "node_modules/dotenv": {
      "version": "10.0.0",
      "resolved": "https://registry.npmjs.org/dotenv/-/dotenv-10.0.0.tgz",
      "integrity": "sha512-rlBi9d8jpv9Sf1klPjNfFAuWDjKLwTIJJ/VxtoTwIR6hnZxcEOQCZg2oIL3MWBYw5GpUDKOEnND7LXTbIpQ03Q==",
      "engines": {
        "node": ">=10"
      }
    },
    "node_modules/ieee754": {
      "version": "1.2.1",
      "resolved": "https://registry.npmjs.org/ieee754/-/ieee754-1.2.1.tgz",
      "integrity": "sha512-dcyqhDvX1C46lXZcVqCpK+FtMRQVdIMN6/Df5js2zouUsqG7I6sFxitIC+7KYK29KdXOLHdu9zL4sFnoVQnqaA==",
      "funding": [
        {
          "type": "github",
          "url": "https://github.com/sponsors/feross"
        },
        {
          "type": "patreon",
          "url": "https://www.patreon.com/feross"
        },
        {
          "type": "consulting",
          "url": "https://feross.org/support"
        }
      ]
    },
    "node_modules/intl-messageformat": {
      "version": "9.9.2",
      "resolved": "https://registry.npmjs.org/intl-messageformat/-/intl-messageformat-9.9.2.tgz",
      "integrity": "sha512-IR/bOP7XUrCxrlgFlZeHXixIT29BNd/1bOS8leElk5sQfvGvsDVoTGI+wLpvWG4INIBQNj8vjxgxlbquB12vog==",
      "dependencies": {
        "@formatjs/fast-memoize": "1.2.0",
        "@formatjs/icu-messageformat-parser": "2.0.12",
        "tslib": "^2.1.0"
      }
    },
    "node_modules/is-obj": {
      "version": "2.0.0",
      "resolved": "https://registry.npmjs.org/is-obj/-/is-obj-2.0.0.tgz",
      "integrity": "sha512-drqDG3cbczxxEJRoOXcOjtdp1J/lyp1mNn0xaznRs8+muBhgQcrnbspox5X5fOw0HnMnbfDzvnEMEtqDEJEo8w==",
      "engines": {
        "node": ">=8"
      }
    },
    "node_modules/lodash.isequal": {
      "version": "4.5.0",
      "resolved": "https://registry.npmjs.org/lodash.isequal/-/lodash.isequal-4.5.0.tgz",
      "integrity": "sha1-QVxEePK8wwEgwizhDtMib30+GOA="
    },
    "node_modules/make-error": {
      "version": "1.3.6",
      "resolved": "https://registry.npmjs.org/make-error/-/make-error-1.3.6.tgz",
      "integrity": "sha512-s8UhlNe7vPKomQhC1qFelMokr/Sc3AgNbso3n74mVPA5LTZwkB9NlXf4XPamLxJE8h0gh73rM94xvwRT2CVInw==",
      "dev": true
    },
    "node_modules/memory-pager": {
      "version": "1.5.0",
      "resolved": "https://registry.npmjs.org/memory-pager/-/memory-pager-1.5.0.tgz",
      "integrity": "sha512-ZS4Bp4r/Zoeq6+NLJpP+0Zzm0pR8whtGPf1XExKLJBAczGMnSi3It14OiNCStjQjM6NU1okjQGSxgEZN8eBYKg==",
      "optional": true
    },
    "node_modules/mime-db": {
      "version": "1.50.0",
      "resolved": "https://registry.npmjs.org/mime-db/-/mime-db-1.50.0.tgz",
      "integrity": "sha512-9tMZCDlYHqeERXEHO9f/hKfNXhre5dK2eE/krIvUjZbS2KPcqGDfNShIWS1uW9XOTKQKqK6qbeOci18rbfW77A==",
      "engines": {
        "node": ">= 0.6"
      }
    },
    "node_modules/mime-types": {
      "version": "2.1.33",
      "resolved": "https://registry.npmjs.org/mime-types/-/mime-types-2.1.33.tgz",
      "integrity": "sha512-plLElXp7pRDd0bNZHw+nMd52vRYjLwQjygaNg7ddJ2uJtTlmnTCjWuPKxVu6//AdaRuME84SvLW91sIkBqGT0g==",
      "dependencies": {
        "mime-db": "1.50.0"
      },
      "engines": {
        "node": ">= 0.6"
      }
    },
    "node_modules/mongodb": {
      "version": "4.1.3",
      "resolved": "https://registry.npmjs.org/mongodb/-/mongodb-4.1.3.tgz",
      "integrity": "sha512-lHvTqODBiSpuqjpCj48DOyYWS6Iq6ElJNUiH9HWdQtONyOfjgsKzJULipWduMGsSzaNO4nFi/kmlMFCLvjox/Q==",
      "dependencies": {
        "bson": "^4.5.2",
        "denque": "^2.0.1",
        "mongodb-connection-string-url": "^2.0.0"
      },
      "engines": {
        "node": ">=12.9.0"
      },
      "optionalDependencies": {
        "saslprep": "^1.0.3"
      }
    },
    "node_modules/mongodb-connection-string-url": {
      "version": "2.1.0",
      "resolved": "https://registry.npmjs.org/mongodb-connection-string-url/-/mongodb-connection-string-url-2.1.0.tgz",
      "integrity": "sha512-Qf9Zw7KGiRljWvMrrUFDdVqo46KIEiDuCzvEN97rh/PcKzk2bd6n9KuzEwBwW9xo5glwx69y1mI6s+jFUD/aIQ==",
      "dependencies": {
        "@types/whatwg-url": "^8.2.1",
        "whatwg-url": "^9.1.0"
      }
    },
    "node_modules/ms": {
      "version": "2.1.3",
      "resolved": "https://registry.npmjs.org/ms/-/ms-2.1.3.tgz",
      "integrity": "sha512-6FlzubTLZG3J2a/NVCAleEhjzq5oxgHyaCU9yYXvcLsvoVaHJq/s5xXI6/XXP6tz7R9xAOtHnSO/tXtF3WRTlA=="
    },
    "node_modules/node-fetch": {
      "version": "2.6.5",
      "resolved": "https://registry.npmjs.org/node-fetch/-/node-fetch-2.6.5.tgz",
      "integrity": "sha512-mmlIVHJEu5rnIxgEgez6b9GgWXbkZj5YZ7fx+2r94a2E+Uirsp6HsPTPlomfdHtpt/B0cdKviwkoaM6pyvUOpQ==",
      "dependencies": {
        "whatwg-url": "^5.0.0"
      },
      "engines": {
        "node": "4.x || >=6.0.0"
      }
    },
    "node_modules/node-fetch/node_modules/tr46": {
      "version": "0.0.3",
      "resolved": "https://registry.npmjs.org/tr46/-/tr46-0.0.3.tgz",
      "integrity": "sha1-gYT9NH2snNwYWZLzpmIuFLnZq2o="
    },
    "node_modules/node-fetch/node_modules/webidl-conversions": {
      "version": "3.0.1",
      "resolved": "https://registry.npmjs.org/webidl-conversions/-/webidl-conversions-3.0.1.tgz",
      "integrity": "sha1-JFNCdeKnvGvnvIZhHMFq4KVlSHE="
    },
    "node_modules/node-fetch/node_modules/whatwg-url": {
      "version": "5.0.0",
      "resolved": "https://registry.npmjs.org/whatwg-url/-/whatwg-url-5.0.0.tgz",
      "integrity": "sha1-lmRU6HZUYuN2RNNib2dCzotwll0=",
      "dependencies": {
        "tr46": "~0.0.3",
        "webidl-conversions": "^3.0.0"
      }
    },
    "node_modules/ow": {
      "version": "0.27.0",
      "resolved": "https://registry.npmjs.org/ow/-/ow-0.27.0.tgz",
      "integrity": "sha512-SGnrGUbhn4VaUGdU0EJLMwZWSupPmF46hnTRII7aCLCrqixTAC5eKo8kI4/XXf1eaaI8YEVT+3FeGNJI9himAQ==",
      "dependencies": {
        "@sindresorhus/is": "^4.0.1",
        "callsites": "^3.1.0",
        "dot-prop": "^6.0.1",
        "lodash.isequal": "^4.5.0",
        "type-fest": "^1.2.1",
        "vali-date": "^1.0.0"
      },
      "engines": {
        "node": ">=12"
      },
      "funding": {
        "url": "https://github.com/sponsors/sindresorhus"
      }
    },
    "node_modules/punycode": {
      "version": "2.1.1",
      "resolved": "https://registry.npmjs.org/punycode/-/punycode-2.1.1.tgz",
      "integrity": "sha512-XRsRjdf+j5ml+y/6GKHPZbrF/8p2Yga0JPtdqTIY2Xe5ohJPD9saDJJLPvp9+NSBprVvevdXZybnj2cv8OEd0A==",
      "engines": {
        "node": ">=6"
      }
    },
    "node_modules/saslprep": {
      "version": "1.0.3",
      "resolved": "https://registry.npmjs.org/saslprep/-/saslprep-1.0.3.tgz",
      "integrity": "sha512-/MY/PEMbk2SuY5sScONwhUDsV2p77Znkb/q3nSVstq/yQzYJOH/Azh29p9oJLsl3LnQwSvZDKagDGBsBwSooag==",
      "optional": true,
      "dependencies": {
        "sparse-bitfield": "^3.0.3"
      },
      "engines": {
        "node": ">=6"
      }
    },
    "node_modules/sparse-bitfield": {
      "version": "3.0.3",
      "resolved": "https://registry.npmjs.org/sparse-bitfield/-/sparse-bitfield-3.0.3.tgz",
      "integrity": "sha1-/0rm5oZWBWuks+eSqzM004JzyhE=",
      "optional": true,
      "dependencies": {
        "memory-pager": "^1.0.2"
      }
    },
    "node_modules/tr46": {
      "version": "2.1.0",
      "resolved": "https://registry.npmjs.org/tr46/-/tr46-2.1.0.tgz",
      "integrity": "sha512-15Ih7phfcdP5YxqiB+iDtLoaTz4Nd35+IiAv0kQ5FNKHzXgdWqPoTIqEDDJmXceQt4JZk6lVPT8lnDlPpGDppw==",
      "dependencies": {
        "punycode": "^2.1.1"
      },
      "engines": {
        "node": ">=8"
      }
    },
    "node_modules/ts-mixer": {
      "version": "6.0.0",
      "resolved": "https://registry.npmjs.org/ts-mixer/-/ts-mixer-6.0.0.tgz",
      "integrity": "sha512-nXIb1fvdY5CBSrDIblLn73NW0qRDk5yJ0Sk1qPBF560OdJfQp9jhl+0tzcY09OZ9U+6GpeoI9RjwoIKFIoB9MQ=="
    },
    "node_modules/ts-node": {
      "version": "10.2.1",
      "resolved": "https://registry.npmjs.org/ts-node/-/ts-node-10.2.1.tgz",
      "integrity": "sha512-hCnyOyuGmD5wHleOQX6NIjJtYVIO8bPP8F2acWkB4W06wdlkgyvJtubO/I9NkI88hCFECbsEgoLc0VNkYmcSfw==",
      "dev": true,
      "dependencies": {
        "@cspotcode/source-map-support": "0.6.1",
        "@tsconfig/node10": "^1.0.7",
        "@tsconfig/node12": "^1.0.7",
        "@tsconfig/node14": "^1.0.0",
        "@tsconfig/node16": "^1.0.2",
        "acorn": "^8.4.1",
        "acorn-walk": "^8.1.1",
        "arg": "^4.1.0",
        "create-require": "^1.1.0",
        "diff": "^4.0.1",
        "make-error": "^1.1.1",
        "yn": "3.1.1"
      },
      "bin": {
        "ts-node": "dist/bin.js",
        "ts-node-cwd": "dist/bin-cwd.js",
        "ts-node-script": "dist/bin-script.js",
        "ts-node-transpile-only": "dist/bin-transpile.js",
        "ts-script": "dist/bin-script-deprecated.js"
      },
      "engines": {
        "node": ">=12.0.0"
      },
      "peerDependencies": {
        "@swc/core": ">=1.2.50",
        "@swc/wasm": ">=1.2.50",
        "@types/node": "*",
        "typescript": ">=2.7"
      },
      "peerDependenciesMeta": {
        "@swc/core": {
          "optional": true
        },
        "@swc/wasm": {
          "optional": true
        }
      }
    },
    "node_modules/tslib": {
      "version": "2.3.1",
      "resolved": "https://registry.npmjs.org/tslib/-/tslib-2.3.1.tgz",
      "integrity": "sha512-77EbyPPpMz+FRFRuAFlWMtmgUWGe9UOG2Z25NqCwiIjRhOf5iKGuzSe5P2w1laq+FkRy4p+PCuVkJSGkzTEKVw=="
    },
    "node_modules/type-fest": {
      "version": "1.4.0",
      "resolved": "https://registry.npmjs.org/type-fest/-/type-fest-1.4.0.tgz",
      "integrity": "sha512-yGSza74xk0UG8k+pLh5oeoYirvIiWo5t0/o3zHHAO2tRDiZcxWP7fywNlXhqb6/r6sWvwi+RsyQMWhVLe4BVuA==",
      "engines": {
        "node": ">=10"
      },
      "funding": {
        "url": "https://github.com/sponsors/sindresorhus"
      }
    },
    "node_modules/typescript": {
      "version": "4.4.3",
      "resolved": "https://registry.npmjs.org/typescript/-/typescript-4.4.3.tgz",
      "integrity": "sha512-4xfscpisVgqqDfPaJo5vkd+Qd/ItkoagnHpufr+i2QCHBsNYp+G7UAoyFl8aPtx879u38wPV65rZ8qbGZijalA==",
      "dev": true,
      "bin": {
        "tsc": "bin/tsc",
        "tsserver": "bin/tsserver"
      },
      "engines": {
        "node": ">=4.2.0"
      }
    },
    "node_modules/vali-date": {
      "version": "1.0.0",
      "resolved": "https://registry.npmjs.org/vali-date/-/vali-date-1.0.0.tgz",
      "integrity": "sha1-G5BKWWCfsyjvB4E4Qgk09rhnCaY=",
      "engines": {
        "node": ">=0.10.0"
      }
    },
    "node_modules/webidl-conversions": {
      "version": "6.1.0",
      "resolved": "https://registry.npmjs.org/webidl-conversions/-/webidl-conversions-6.1.0.tgz",
      "integrity": "sha512-qBIvFLGiBpLjfwmYAaHPXsn+ho5xZnGvyGvsarywGNc8VyQJUMHJ8OBKGGrPER0okBeMDaan4mNBlgBROxuI8w==",
      "engines": {
        "node": ">=10.4"
      }
    },
    "node_modules/whatwg-url": {
      "version": "9.1.0",
      "resolved": "https://registry.npmjs.org/whatwg-url/-/whatwg-url-9.1.0.tgz",
      "integrity": "sha512-CQ0UcrPHyomtlOCot1TL77WyMIm/bCwrJ2D6AOKGwEczU9EpyoqAokfqrf/MioU9kHcMsmJZcg1egXix2KYEsA==",
      "dependencies": {
        "tr46": "^2.1.0",
        "webidl-conversions": "^6.1.0"
      },
      "engines": {
        "node": ">=12"
      }
    },
    "node_modules/ws": {
      "version": "8.2.3",
      "resolved": "https://registry.npmjs.org/ws/-/ws-8.2.3.tgz",
      "integrity": "sha512-wBuoj1BDpC6ZQ1B7DWQBYVLphPWkm8i9Y0/3YdHjHKHiohOJ1ws+3OccDWtH+PoC9DZD5WOTrJvNbWvjS6JWaA==",
      "engines": {
        "node": ">=10.0.0"
      },
      "peerDependencies": {
        "bufferutil": "^4.0.1",
        "utf-8-validate": "^5.0.2"
      },
      "peerDependenciesMeta": {
        "bufferutil": {
          "optional": true
        },
        "utf-8-validate": {
          "optional": true
        }
      }
    },
    "node_modules/yn": {
      "version": "3.1.1",
      "resolved": "https://registry.npmjs.org/yn/-/yn-3.1.1.tgz",
      "integrity": "sha512-Ux4ygGWsu2c7isFWe8Yu1YluJmqVhxqK2cLXNQA5AcC3QfbGNpM7fu0Y8b/z16pXLnFxZYvWhd3fhBY9DLmC6Q==",
      "dev": true,
      "engines": {
        "node": ">=6"
      }
    }
  },
  "dependencies": {
    "@cspotcode/source-map-consumer": {
      "version": "0.8.0",
      "resolved": "https://registry.npmjs.org/@cspotcode/source-map-consumer/-/source-map-consumer-0.8.0.tgz",
      "integrity": "sha512-41qniHzTU8yAGbCp04ohlmSrZf8bkf/iJsl3V0dRGsQN/5GFfx+LbCSsCpp2gqrqjTVg/K6O8ycoV35JIwAzAg==",
      "dev": true
    },
    "@cspotcode/source-map-support": {
      "version": "0.6.1",
      "resolved": "https://registry.npmjs.org/@cspotcode/source-map-support/-/source-map-support-0.6.1.tgz",
      "integrity": "sha512-DX3Z+T5dt1ockmPdobJS/FAsQPW4V4SrWEhD2iYQT2Cb2tQsiMnYxrcUH9By/Z3B+v0S5LMBkQtV/XOBbpLEOg==",
      "dev": true,
      "requires": {
        "@cspotcode/source-map-consumer": "0.8.0"
      }
    },
    "@discordjs/builders": {
      "version": "0.6.0",
      "resolved": "https://registry.npmjs.org/@discordjs/builders/-/builders-0.6.0.tgz",
      "integrity": "sha512-mH3Gx61LKk2CD05laCI9K5wp+a3NyASHDUGx83DGJFkqJlRlSV5WMJNY6RS37A5SjqDtGMF4wVR9jzFaqShe6Q==",
      "requires": {
        "@sindresorhus/is": "^4.0.1",
        "discord-api-types": "^0.22.0",
        "ow": "^0.27.0",
        "ts-mixer": "^6.0.0",
        "tslib": "^2.3.1"
      },
      "dependencies": {
        "discord-api-types": {
          "version": "0.22.0",
          "resolved": "https://registry.npmjs.org/discord-api-types/-/discord-api-types-0.22.0.tgz",
          "integrity": "sha512-l8yD/2zRbZItUQpy7ZxBJwaLX/Bs2TGaCthRppk8Sw24LOIWg12t9JEreezPoYD0SQcC2htNNo27kYEpYW/Srg=="
        }
      }
    },
    "@discordjs/collection": {
      "version": "0.2.1",
      "resolved": "https://registry.npmjs.org/@discordjs/collection/-/collection-0.2.1.tgz",
      "integrity": "sha512-vhxqzzM8gkomw0TYRF3tgx7SwElzUlXT/Aa41O7mOcyN6wIJfj5JmDWaO5XGKsGSsNx7F3i5oIlrucCCWV1Nog=="
    },
    "@discordjs/form-data": {
      "version": "3.0.1",
      "resolved": "https://registry.npmjs.org/@discordjs/form-data/-/form-data-3.0.1.tgz",
      "integrity": "sha512-ZfFsbgEXW71Rw/6EtBdrP5VxBJy4dthyC0tpQKGKmYFImlmmrykO14Za+BiIVduwjte0jXEBlhSKf0MWbFp9Eg==",
      "requires": {
        "asynckit": "^0.4.0",
        "combined-stream": "^1.0.8",
        "mime-types": "^2.1.12"
      }
    },
    "@formatjs/ecma402-abstract": {
      "version": "1.9.9",
      "resolved": "https://registry.npmjs.org/@formatjs/ecma402-abstract/-/ecma402-abstract-1.9.9.tgz",
      "integrity": "sha512-w2HpUW17Ev8UN8G1fSvl0skCLP+HkhGZii0ALaBXYc7rd3osD2s8EF2ihSNkeEeC6aySX1IAkRm0f4lnE8Jeaw==",
      "requires": {
        "@formatjs/intl-localematcher": "0.2.21",
        "tslib": "^2.1.0"
      }
    },
    "@formatjs/fast-memoize": {
      "version": "1.2.0",
      "resolved": "https://registry.npmjs.org/@formatjs/fast-memoize/-/fast-memoize-1.2.0.tgz",
      "integrity": "sha512-fObitP9Tlc31SKrPHgkPgQpGo4+4yXfQQITTCNH8AZdEqB7Mq4nPrjpUL/tNGN3lEeJcFxDbi0haX8HM7QvQ8w==",
      "requires": {
        "tslib": "^2.1.0"
      }
    },
    "@formatjs/icu-messageformat-parser": {
      "version": "2.0.12",
      "resolved": "https://registry.npmjs.org/@formatjs/icu-messageformat-parser/-/icu-messageformat-parser-2.0.12.tgz",
      "integrity": "sha512-X/tdbKLfVBc2yJRX+xC3uqYxXkp9336FhSS1Hb6kU6pSOU+EseylS3a/vjFOKjol1qQ5BSIQd8YPWtOOt3KcWA==",
      "requires": {
        "@formatjs/ecma402-abstract": "1.9.9",
        "@formatjs/icu-skeleton-parser": "1.2.13",
        "tslib": "^2.1.0"
      }
    },
    "@formatjs/icu-skeleton-parser": {
      "version": "1.2.13",
      "resolved": "https://registry.npmjs.org/@formatjs/icu-skeleton-parser/-/icu-skeleton-parser-1.2.13.tgz",
      "integrity": "sha512-PHK4kdIcNTI15ASyn6dCA2cxzUPHE+UK/FsBkPULNpKgPWEZIYAFO9PgG0a9SDcIIr7Ta3SPPbUZGKRXT3d+ng==",
      "requires": {
        "@formatjs/ecma402-abstract": "1.9.9",
        "tslib": "^2.1.0"
      }
    },
    "@formatjs/intl-localematcher": {
      "version": "0.2.21",
      "resolved": "https://registry.npmjs.org/@formatjs/intl-localematcher/-/intl-localematcher-0.2.21.tgz",
      "integrity": "sha512-JTJeLiNwexN4Gy0cMxoUPvJbKhXdnSuo5jPrDafEZpnDWlJ5VDYta8zUVVozO/pwzEmFVHEUpgiEDj+39L4oMg==",
      "requires": {
        "tslib": "^2.1.0"
      }
    },
    "@sapphire/async-queue": {
      "version": "1.1.5",
      "resolved": "https://registry.npmjs.org/@sapphire/async-queue/-/async-queue-1.1.5.tgz",
      "integrity": "sha512-NQ8GeTBeOkeAylVYTnO9zfEZO74iMNGCRrR3uIRnCrhkyPC+nsewyQtTamjSDWxXFTf+xGSJ9khiY2p56k/bMA=="
    },
    "@sindresorhus/is": {
      "version": "4.2.0",
      "resolved": "https://registry.npmjs.org/@sindresorhus/is/-/is-4.2.0.tgz",
      "integrity": "sha512-VkE3KLBmJwcCaVARtQpfuKcKv8gcBmUubrfHGF84dXuuW6jgsRYxPtzcIhPyK9WAPpRt2/xY6zkD9MnRaJzSyw=="
    },
    "@tsconfig/node10": {
      "version": "1.0.8",
      "resolved": "https://registry.npmjs.org/@tsconfig/node10/-/node10-1.0.8.tgz",
      "integrity": "sha512-6XFfSQmMgq0CFLY1MslA/CPUfhIL919M1rMsa5lP2P097N2Wd1sSX0tx1u4olM16fLNhtHZpRhedZJphNJqmZg==",
      "dev": true
    },
    "@tsconfig/node12": {
      "version": "1.0.9",
      "resolved": "https://registry.npmjs.org/@tsconfig/node12/-/node12-1.0.9.tgz",
      "integrity": "sha512-/yBMcem+fbvhSREH+s14YJi18sp7J9jpuhYByADT2rypfajMZZN4WQ6zBGgBKp53NKmqI36wFYDb3yaMPurITw==",
      "dev": true
    },
    "@tsconfig/node14": {
      "version": "1.0.1",
      "resolved": "https://registry.npmjs.org/@tsconfig/node14/-/node14-1.0.1.tgz",
      "integrity": "sha512-509r2+yARFfHHE7T6Puu2jjkoycftovhXRqW328PDXTVGKihlb1P8Z9mMZH04ebyajfRY7dedfGynlrFHJUQCg==",
      "dev": true
    },
    "@tsconfig/node16": {
      "version": "1.0.2",
      "resolved": "https://registry.npmjs.org/@tsconfig/node16/-/node16-1.0.2.tgz",
      "integrity": "sha512-eZxlbI8GZscaGS7kkc/trHTT5xgrjH3/1n2JDwusC9iahPKWMRvRjJSAN5mCXviuTGQ/lHnhvv8Q1YTpnfz9gA==",
      "dev": true
    },
    "@types/ms": {
      "version": "0.7.31",
      "resolved": "https://registry.npmjs.org/@types/ms/-/ms-0.7.31.tgz",
      "integrity": "sha512-iiUgKzV9AuaEkZqkOLDIvlQiL6ltuZd9tGcW3gwpnX8JbuiuhFlEGmmFXEXkN50Cvq7Os88IY2v0dkDqXYWVgA==",
      "dev": true
    },
    "@types/node": {
      "version": "16.10.3",
      "resolved": "https://registry.npmjs.org/@types/node/-/node-16.10.3.tgz",
      "integrity": "sha512-ho3Ruq+fFnBrZhUYI46n/bV2GjwzSkwuT4dTf0GkuNFmnb8nq4ny2z9JEVemFi6bdEJanHLlYfy9c6FN9B9McQ=="
    },
    "@types/webidl-conversions": {
      "version": "6.1.1",
      "resolved": "https://registry.npmjs.org/@types/webidl-conversions/-/webidl-conversions-6.1.1.tgz",
      "integrity": "sha512-XAahCdThVuCFDQLT7R7Pk/vqeObFNL3YqRyFZg+AqAP/W1/w3xHaIxuW7WszQqTbIBOPRcItYJIou3i/mppu3Q=="
    },
    "@types/whatwg-url": {
      "version": "8.2.1",
      "resolved": "https://registry.npmjs.org/@types/whatwg-url/-/whatwg-url-8.2.1.tgz",
      "integrity": "sha512-2YubE1sjj5ifxievI5Ge1sckb9k/Er66HyR2c+3+I6VDUUg1TLPdYYTEbQ+DjRkS4nTxMJhgWfSfMRD2sl2EYQ==",
      "requires": {
        "@types/node": "*",
        "@types/webidl-conversions": "*"
      }
    },
    "@types/ws": {
      "version": "8.2.0",
      "resolved": "https://registry.npmjs.org/@types/ws/-/ws-8.2.0.tgz",
      "integrity": "sha512-cyeefcUCgJlEk+hk2h3N+MqKKsPViQgF5boi9TTHSK+PoR9KWBb/C5ccPcDyAqgsbAYHTwulch725DV84+pSpg==",
      "requires": {
        "@types/node": "*"
      }
    },
    "acorn": {
      "version": "8.5.0",
      "resolved": "https://registry.npmjs.org/acorn/-/acorn-8.5.0.tgz",
      "integrity": "sha512-yXbYeFy+jUuYd3/CDcg2NkIYE991XYX/bje7LmjJigUciaeO1JR4XxXgCIV1/Zc/dRuFEyw1L0pbA+qynJkW5Q==",
      "dev": true
    },
    "acorn-walk": {
      "version": "8.2.0",
      "resolved": "https://registry.npmjs.org/acorn-walk/-/acorn-walk-8.2.0.tgz",
      "integrity": "sha512-k+iyHEuPgSw6SbuDpGQM+06HQUa04DZ3o+F6CSzXMvvI5KMvnaEqXe+YVe555R9nn6GPt404fos4wcgpw12SDA==",
      "dev": true
    },
    "arg": {
      "version": "4.1.3",
      "resolved": "https://registry.npmjs.org/arg/-/arg-4.1.3.tgz",
      "integrity": "sha512-58S9QDqG0Xx27YwPSt9fJxivjYl432YCwfDMfZ+71RAqUrZef7LrKQZ3LHLOwCS4FLNBplP533Zx895SeOCHvA==",
      "dev": true
    },
    "asynckit": {
      "version": "0.4.0",
      "resolved": "https://registry.npmjs.org/asynckit/-/asynckit-0.4.0.tgz",
      "integrity": "sha1-x57Zf380y48robyXkLzDZkdLS3k="
    },
    "base64-js": {
      "version": "1.5.1",
      "resolved": "https://registry.npmjs.org/base64-js/-/base64-js-1.5.1.tgz",
      "integrity": "sha512-AKpaYlHn8t4SVbOHCy+b5+KKgvR4vrsD8vbvrbiQJps7fKDTkjkDry6ji0rUJjC0kzbNePLwzxq8iypo41qeWA=="
    },
    "bson": {
      "version": "4.5.3",
      "resolved": "https://registry.npmjs.org/bson/-/bson-4.5.3.tgz",
      "integrity": "sha512-qVX7LX79Mtj7B3NPLzCfBiCP6RAsjiV8N63DjlaVVpZW+PFoDTxQ4SeDbSpcqgE6mXksM5CAwZnXxxxn/XwC0g==",
      "requires": {
        "buffer": "^5.6.0"
      }
    },
    "buffer": {
      "version": "5.7.1",
      "resolved": "https://registry.npmjs.org/buffer/-/buffer-5.7.1.tgz",
      "integrity": "sha512-EHcyIPBQ4BSGlvjB16k5KgAJ27CIsHY/2JBmCRReo48y9rQ3MaUzWX3KVlBa4U7MyX02HdVj0K7C3WaB3ju7FQ==",
      "requires": {
        "base64-js": "^1.3.1",
        "ieee754": "^1.1.13"
      }
    },
    "callsites": {
      "version": "3.1.0",
      "resolved": "https://registry.npmjs.org/callsites/-/callsites-3.1.0.tgz",
      "integrity": "sha512-P8BjAsXvZS+VIDUI11hHCQEv74YT67YUi5JJFNWIqL235sBmjX4+qx9Muvls5ivyNENctx46xQLQ3aTuE7ssaQ=="
    },
    "combined-stream": {
      "version": "1.0.8",
      "resolved": "https://registry.npmjs.org/combined-stream/-/combined-stream-1.0.8.tgz",
      "integrity": "sha512-FQN4MRfuJeHf7cBbBMJFXhKSDq+2kAArBlmRBvcvFE5BB1HZKXtSFASDhdlz9zOYwxh8lDdnvmMOe/+5cdoEdg==",
      "requires": {
        "delayed-stream": "~1.0.0"
      }
    },
    "create-require": {
      "version": "1.1.1",
      "resolved": "https://registry.npmjs.org/create-require/-/create-require-1.1.1.tgz",
      "integrity": "sha512-dcKFX3jn0MpIaXjisoRvexIJVEKzaq7z2rZKxf+MSr9TkdmHmsU4m2lcLojrj/FHl8mk5VxMmYA+ftRkP/3oKQ==",
      "dev": true
    },
    "delayed-stream": {
      "version": "1.0.0",
      "resolved": "https://registry.npmjs.org/delayed-stream/-/delayed-stream-1.0.0.tgz",
      "integrity": "sha1-3zrhmayt+31ECqrgsp4icrJOxhk="
    },
    "denque": {
      "version": "2.0.1",
      "resolved": "https://registry.npmjs.org/denque/-/denque-2.0.1.tgz",
      "integrity": "sha512-tfiWc6BQLXNLpNiR5iGd0Ocu3P3VpxfzFiqubLgMfhfOw9WyvgJBd46CClNn9k3qfbjvT//0cf7AlYRX/OslMQ=="
    },
    "diff": {
      "version": "4.0.2",
      "resolved": "https://registry.npmjs.org/diff/-/diff-4.0.2.tgz",
      "integrity": "sha512-58lmxKSA4BNyLz+HHMUzlOEpg09FV+ev6ZMe3vJihgdxzgcwZ8VoEEPmALCZG9LmqfVoNMMKpttIYTVG6uDY7A==",
      "dev": true
    },
    "discord-api-types": {
      "version": "0.23.1",
      "resolved": "https://registry.npmjs.org/discord-api-types/-/discord-api-types-0.23.1.tgz",
      "integrity": "sha512-igWmn+45mzXRWNEPU25I/pr8MwxHb767wAr51oy3VRLRcTlp5ADBbrBR0lq3SA1Rfw3MtM4TQu1xo3kxscfVdQ=="
    },
    "discord.js": {
      "version": "13.2.0",
      "resolved": "https://registry.npmjs.org/discord.js/-/discord.js-13.2.0.tgz",
      "integrity": "sha512-nyxUvL8wuQG38zx13wUMkpcA8koFszyiXdkSLwwM9opKW2LC2H5gD0cTZxImeJ6GtEnKPWT8xBiE8lLBmbNIhw==",
      "requires": {
        "@discordjs/builders": "^0.6.0",
        "@discordjs/collection": "^0.2.1",
        "@discordjs/form-data": "^3.0.1",
        "@sapphire/async-queue": "^1.1.5",
        "@types/ws": "^8.2.0",
        "discord-api-types": "^0.23.1",
        "node-fetch": "^2.6.1",
        "ws": "^8.2.3"
      }
    },
    "dot-prop": {
      "version": "6.0.1",
      "resolved": "https://registry.npmjs.org/dot-prop/-/dot-prop-6.0.1.tgz",
      "integrity": "sha512-tE7ztYzXHIeyvc7N+hR3oi7FIbf/NIjVP9hmAt3yMXzrQ072/fpjGLx2GxNxGxUl5V73MEqYzioOMoVhGMJ5cA==",
      "requires": {
        "is-obj": "^2.0.0"
      }
    },
    "dotenv": {
      "version": "10.0.0",
      "resolved": "https://registry.npmjs.org/dotenv/-/dotenv-10.0.0.tgz",
      "integrity": "sha512-rlBi9d8jpv9Sf1klPjNfFAuWDjKLwTIJJ/VxtoTwIR6hnZxcEOQCZg2oIL3MWBYw5GpUDKOEnND7LXTbIpQ03Q=="
    },
    "ieee754": {
      "version": "1.2.1",
      "resolved": "https://registry.npmjs.org/ieee754/-/ieee754-1.2.1.tgz",
      "integrity": "sha512-dcyqhDvX1C46lXZcVqCpK+FtMRQVdIMN6/Df5js2zouUsqG7I6sFxitIC+7KYK29KdXOLHdu9zL4sFnoVQnqaA=="
    },
    "intl-messageformat": {
      "version": "9.9.2",
      "resolved": "https://registry.npmjs.org/intl-messageformat/-/intl-messageformat-9.9.2.tgz",
      "integrity": "sha512-IR/bOP7XUrCxrlgFlZeHXixIT29BNd/1bOS8leElk5sQfvGvsDVoTGI+wLpvWG4INIBQNj8vjxgxlbquB12vog==",
      "requires": {
        "@formatjs/fast-memoize": "1.2.0",
        "@formatjs/icu-messageformat-parser": "2.0.12",
        "tslib": "^2.1.0"
      }
    },
    "is-obj": {
      "version": "2.0.0",
      "resolved": "https://registry.npmjs.org/is-obj/-/is-obj-2.0.0.tgz",
      "integrity": "sha512-drqDG3cbczxxEJRoOXcOjtdp1J/lyp1mNn0xaznRs8+muBhgQcrnbspox5X5fOw0HnMnbfDzvnEMEtqDEJEo8w=="
    },
    "lodash.isequal": {
      "version": "4.5.0",
      "resolved": "https://registry.npmjs.org/lodash.isequal/-/lodash.isequal-4.5.0.tgz",
      "integrity": "sha1-QVxEePK8wwEgwizhDtMib30+GOA="
    },
    "make-error": {
      "version": "1.3.6",
      "resolved": "https://registry.npmjs.org/make-error/-/make-error-1.3.6.tgz",
      "integrity": "sha512-s8UhlNe7vPKomQhC1qFelMokr/Sc3AgNbso3n74mVPA5LTZwkB9NlXf4XPamLxJE8h0gh73rM94xvwRT2CVInw==",
      "dev": true
    },
    "memory-pager": {
      "version": "1.5.0",
      "resolved": "https://registry.npmjs.org/memory-pager/-/memory-pager-1.5.0.tgz",
      "integrity": "sha512-ZS4Bp4r/Zoeq6+NLJpP+0Zzm0pR8whtGPf1XExKLJBAczGMnSi3It14OiNCStjQjM6NU1okjQGSxgEZN8eBYKg==",
      "optional": true
    },
    "mime-db": {
      "version": "1.50.0",
      "resolved": "https://registry.npmjs.org/mime-db/-/mime-db-1.50.0.tgz",
      "integrity": "sha512-9tMZCDlYHqeERXEHO9f/hKfNXhre5dK2eE/krIvUjZbS2KPcqGDfNShIWS1uW9XOTKQKqK6qbeOci18rbfW77A=="
    },
    "mime-types": {
      "version": "2.1.33",
      "resolved": "https://registry.npmjs.org/mime-types/-/mime-types-2.1.33.tgz",
      "integrity": "sha512-plLElXp7pRDd0bNZHw+nMd52vRYjLwQjygaNg7ddJ2uJtTlmnTCjWuPKxVu6//AdaRuME84SvLW91sIkBqGT0g==",
      "requires": {
        "mime-db": "1.50.0"
      }
    },
    "mongodb": {
      "version": "4.1.3",
      "resolved": "https://registry.npmjs.org/mongodb/-/mongodb-4.1.3.tgz",
      "integrity": "sha512-lHvTqODBiSpuqjpCj48DOyYWS6Iq6ElJNUiH9HWdQtONyOfjgsKzJULipWduMGsSzaNO4nFi/kmlMFCLvjox/Q==",
      "requires": {
        "bson": "^4.5.2",
        "denque": "^2.0.1",
        "mongodb-connection-string-url": "^2.0.0",
        "saslprep": "^1.0.3"
      }
    },
    "mongodb-connection-string-url": {
      "version": "2.1.0",
      "resolved": "https://registry.npmjs.org/mongodb-connection-string-url/-/mongodb-connection-string-url-2.1.0.tgz",
      "integrity": "sha512-Qf9Zw7KGiRljWvMrrUFDdVqo46KIEiDuCzvEN97rh/PcKzk2bd6n9KuzEwBwW9xo5glwx69y1mI6s+jFUD/aIQ==",
      "requires": {
        "@types/whatwg-url": "^8.2.1",
        "whatwg-url": "^9.1.0"
      }
    },
    "ms": {
      "version": "2.1.3",
      "resolved": "https://registry.npmjs.org/ms/-/ms-2.1.3.tgz",
      "integrity": "sha512-6FlzubTLZG3J2a/NVCAleEhjzq5oxgHyaCU9yYXvcLsvoVaHJq/s5xXI6/XXP6tz7R9xAOtHnSO/tXtF3WRTlA=="
    },
    "node-fetch": {
      "version": "2.6.5",
      "resolved": "https://registry.npmjs.org/node-fetch/-/node-fetch-2.6.5.tgz",
      "integrity": "sha512-mmlIVHJEu5rnIxgEgez6b9GgWXbkZj5YZ7fx+2r94a2E+Uirsp6HsPTPlomfdHtpt/B0cdKviwkoaM6pyvUOpQ==",
      "requires": {
        "whatwg-url": "^5.0.0"
      },
      "dependencies": {
        "tr46": {
          "version": "0.0.3",
          "resolved": "https://registry.npmjs.org/tr46/-/tr46-0.0.3.tgz",
          "integrity": "sha1-gYT9NH2snNwYWZLzpmIuFLnZq2o="
        },
        "webidl-conversions": {
          "version": "3.0.1",
          "resolved": "https://registry.npmjs.org/webidl-conversions/-/webidl-conversions-3.0.1.tgz",
          "integrity": "sha1-JFNCdeKnvGvnvIZhHMFq4KVlSHE="
        },
        "whatwg-url": {
          "version": "5.0.0",
          "resolved": "https://registry.npmjs.org/whatwg-url/-/whatwg-url-5.0.0.tgz",
          "integrity": "sha1-lmRU6HZUYuN2RNNib2dCzotwll0=",
          "requires": {
            "tr46": "~0.0.3",
            "webidl-conversions": "^3.0.0"
          }
        }
      }
    },
    "ow": {
      "version": "0.27.0",
      "resolved": "https://registry.npmjs.org/ow/-/ow-0.27.0.tgz",
      "integrity": "sha512-SGnrGUbhn4VaUGdU0EJLMwZWSupPmF46hnTRII7aCLCrqixTAC5eKo8kI4/XXf1eaaI8YEVT+3FeGNJI9himAQ==",
      "requires": {
        "@sindresorhus/is": "^4.0.1",
        "callsites": "^3.1.0",
        "dot-prop": "^6.0.1",
        "lodash.isequal": "^4.5.0",
        "type-fest": "^1.2.1",
        "vali-date": "^1.0.0"
      }
    },
    "punycode": {
      "version": "2.1.1",
      "resolved": "https://registry.npmjs.org/punycode/-/punycode-2.1.1.tgz",
      "integrity": "sha512-XRsRjdf+j5ml+y/6GKHPZbrF/8p2Yga0JPtdqTIY2Xe5ohJPD9saDJJLPvp9+NSBprVvevdXZybnj2cv8OEd0A=="
    },
    "saslprep": {
      "version": "1.0.3",
      "resolved": "https://registry.npmjs.org/saslprep/-/saslprep-1.0.3.tgz",
      "integrity": "sha512-/MY/PEMbk2SuY5sScONwhUDsV2p77Znkb/q3nSVstq/yQzYJOH/Azh29p9oJLsl3LnQwSvZDKagDGBsBwSooag==",
      "optional": true,
      "requires": {
        "sparse-bitfield": "^3.0.3"
      }
    },
    "sparse-bitfield": {
      "version": "3.0.3",
      "resolved": "https://registry.npmjs.org/sparse-bitfield/-/sparse-bitfield-3.0.3.tgz",
      "integrity": "sha1-/0rm5oZWBWuks+eSqzM004JzyhE=",
      "optional": true,
      "requires": {
        "memory-pager": "^1.0.2"
      }
    },
    "tr46": {
      "version": "2.1.0",
      "resolved": "https://registry.npmjs.org/tr46/-/tr46-2.1.0.tgz",
      "integrity": "sha512-15Ih7phfcdP5YxqiB+iDtLoaTz4Nd35+IiAv0kQ5FNKHzXgdWqPoTIqEDDJmXceQt4JZk6lVPT8lnDlPpGDppw==",
      "requires": {
        "punycode": "^2.1.1"
      }
    },
    "ts-mixer": {
      "version": "6.0.0",
      "resolved": "https://registry.npmjs.org/ts-mixer/-/ts-mixer-6.0.0.tgz",
      "integrity": "sha512-nXIb1fvdY5CBSrDIblLn73NW0qRDk5yJ0Sk1qPBF560OdJfQp9jhl+0tzcY09OZ9U+6GpeoI9RjwoIKFIoB9MQ=="
    },
    "ts-node": {
      "version": "10.2.1",
      "resolved": "https://registry.npmjs.org/ts-node/-/ts-node-10.2.1.tgz",
      "integrity": "sha512-hCnyOyuGmD5wHleOQX6NIjJtYVIO8bPP8F2acWkB4W06wdlkgyvJtubO/I9NkI88hCFECbsEgoLc0VNkYmcSfw==",
      "dev": true,
      "requires": {
        "@cspotcode/source-map-support": "0.6.1",
        "@tsconfig/node10": "^1.0.7",
        "@tsconfig/node12": "^1.0.7",
        "@tsconfig/node14": "^1.0.0",
        "@tsconfig/node16": "^1.0.2",
        "acorn": "^8.4.1",
        "acorn-walk": "^8.1.1",
        "arg": "^4.1.0",
        "create-require": "^1.1.0",
        "diff": "^4.0.1",
        "make-error": "^1.1.1",
        "yn": "3.1.1"
      }
    },
    "tslib": {
      "version": "2.3.1",
      "resolved": "https://registry.npmjs.org/tslib/-/tslib-2.3.1.tgz",
      "integrity": "sha512-77EbyPPpMz+FRFRuAFlWMtmgUWGe9UOG2Z25NqCwiIjRhOf5iKGuzSe5P2w1laq+FkRy4p+PCuVkJSGkzTEKVw=="
    },
    "type-fest": {
      "version": "1.4.0",
      "resolved": "https://registry.npmjs.org/type-fest/-/type-fest-1.4.0.tgz",
      "integrity": "sha512-yGSza74xk0UG8k+pLh5oeoYirvIiWo5t0/o3zHHAO2tRDiZcxWP7fywNlXhqb6/r6sWvwi+RsyQMWhVLe4BVuA=="
    },
    "typescript": {
      "version": "4.4.3",
      "resolved": "https://registry.npmjs.org/typescript/-/typescript-4.4.3.tgz",
      "integrity": "sha512-4xfscpisVgqqDfPaJo5vkd+Qd/ItkoagnHpufr+i2QCHBsNYp+G7UAoyFl8aPtx879u38wPV65rZ8qbGZijalA==",
      "dev": true
    },
    "vali-date": {
      "version": "1.0.0",
      "resolved": "https://registry.npmjs.org/vali-date/-/vali-date-1.0.0.tgz",
      "integrity": "sha1-G5BKWWCfsyjvB4E4Qgk09rhnCaY="
    },
    "webidl-conversions": {
      "version": "6.1.0",
      "resolved": "https://registry.npmjs.org/webidl-conversions/-/webidl-conversions-6.1.0.tgz",
      "integrity": "sha512-qBIvFLGiBpLjfwmYAaHPXsn+ho5xZnGvyGvsarywGNc8VyQJUMHJ8OBKGGrPER0okBeMDaan4mNBlgBROxuI8w=="
    },
    "whatwg-url": {
      "version": "9.1.0",
      "resolved": "https://registry.npmjs.org/whatwg-url/-/whatwg-url-9.1.0.tgz",
      "integrity": "sha512-CQ0UcrPHyomtlOCot1TL77WyMIm/bCwrJ2D6AOKGwEczU9EpyoqAokfqrf/MioU9kHcMsmJZcg1egXix2KYEsA==",
      "requires": {
        "tr46": "^2.1.0",
        "webidl-conversions": "^6.1.0"
      }
    },
    "ws": {
      "version": "8.2.3",
      "resolved": "https://registry.npmjs.org/ws/-/ws-8.2.3.tgz",
      "integrity": "sha512-wBuoj1BDpC6ZQ1B7DWQBYVLphPWkm8i9Y0/3YdHjHKHiohOJ1ws+3OccDWtH+PoC9DZD5WOTrJvNbWvjS6JWaA==",
      "requires": {}
    },
    "yn": {
      "version": "3.1.1",
      "resolved": "https://registry.npmjs.org/yn/-/yn-3.1.1.tgz",
      "integrity": "sha512-Ux4ygGWsu2c7isFWe8Yu1YluJmqVhxqK2cLXNQA5AcC3QfbGNpM7fu0Y8b/z16pXLnFxZYvWhd3fhBY9DLmC6Q==",
      "dev": true
    }
  }
}
